
Microsoft Visual Studio Solution File, Format Version 12.00
# Visual Studio 15
VisualStudioVersion = 15.0.27428.2005
MinimumVisualStudioVersion = 10.0.40219.1
Project("{2150E333-8FDC-42A3-9474-1A3956D46DE8}") = "1. src", "src", "{F054EE83-4A80-4553-A0CC-25C46D2A3AC1}"
EndProject
Project("{2150E333-8FDC-42A3-9474-1A3956D46DE8}") = "2. Solution Items", "Solution Items", "{D3CB990F-2674-44C6-A3DE-CB288423B749}"
	ProjectSection(SolutionItems) = preProject
		NuGet.Config = NuGet.Config
		README.md = README.md
		LICENSE = LICENSE
		Logo.png = Logo.png
	EndProjectSection
EndProject
Project("{FAE04EC0-301F-11D3-BF4B-00C04F79EFBC}") = "Grafana.ReserveProxy", "src\Grafana.ReserveProxy\Grafana.ReserveProxy.csproj", "{3816AA67-A078-4A99-884D-2B2BC435E9BA}"
EndProject
Global
	GlobalSection(SolutionConfigurationPlatforms) = preSolution
		Debug|Any CPU = Debug|Any CPU
		Release|Any CPU = Release|Any CPU
	EndGlobalSection
	GlobalSection(ProjectConfigurationPlatforms) = postSolution
		{3816AA67-A078-4A99-884D-2B2BC435E9BA}.Debug|Any CPU.ActiveCfg = Debug|Any CPU
		{3816AA67-A078-4A99-884D-2B2BC435E9BA}.Debug|Any CPU.Build.0 = Debug|Any CPU
		{3816AA67-A078-4A99-884D-2B2BC435E9BA}.Release|Any CPU.ActiveCfg = Release|Any CPU
		{3816AA67-A078-4A99-884D-2B2BC435E9BA}.Release|Any CPU.Build.0 = Release|Any CPU
	EndGlobalSection
	GlobalSection(SolutionProperties) = preSolution
		HideSolutionNode = FALSE
	EndGlobalSection
	GlobalSection(NestedProjects) = preSolution
		{3816AA67-A078-4A99-884D-2B2BC435E9BA} = {F054EE83-4A80-4553-A0CC-25C46D2A3AC1}
	EndGlobalSection
	GlobalSection(ExtensibilityGlobals) = postSolution
		SolutionGuid = {5B699336-21B7-4FD5-8ECC-A8390C034309}
	EndGlobalSection
EndGlobal
